{
  "name": "src",
  "lockfileVersion": 2,
  "requires": true,
  "packages": {
    "": {
      "dependencies": {
        "bootstrap-ui": "^3.1.1"
      }
    },
    "node_modules/bootstrap": {
      "version": "3.4.1",
      "resolved": "https://registry.npmjs.org/bootstrap/-/bootstrap-3.4.1.tgz",
      "integrity": "sha512-yN5oZVmRCwe5aKwzRj6736nSmKDX7pLYwsXiCj/EYmo16hODaBiT4En5btW/jhBF/seV+XMx3aYwukYC3A49DA==",
      "engines": {
        "node": ">=6"
      }
    },
    "node_modules/bootstrap-ui": {
      "version": "3.1.1",
      "resolved": "https://registry.npmjs.org/bootstrap-ui/-/bootstrap-ui-3.1.1.tgz",
      "integrity": "sha512-ihn3TLZ74XVqYFQfRtCp5qDwwB0vUazgpDKmiwv7REX5GL3bXhFUOr3VRTxBZe1SxaWvwE+EGkN3M5Hyu33/Lw==",
      "dependencies": {
        "bootstrap": "^3.4.1",
        "ckeditor": "^4.12.1",
        "eonasdan-bootstrap-datetimepicker": "^4.17.49",
        "jquery": "^3.6.0",
        "moment": "^2.29.1",
        "select2": "^3.5.1",
        "select2-bootstrap-css": "^1.4.6"
      },
      "engines": {
        "node": ">=14.15.1",
        "npm": ">=6.14.8"
      }
    },
    "node_modules/ckeditor": {
      "version": "4.12.1",
      "resolved": "https://registry.npmjs.org/ckeditor/-/ckeditor-4.12.1.tgz",
      "integrity": "sha512-pH2Su4oi0D4iN/3U8nUcwI7/lXHoOJi0aiN8e2zxnm4Ow5kq8eZP2ZGmpYyuqRyKZ2tHaU8+OyYi7laXcjiq9Q==",
      "deprecated": "We have renamed the @ckeditor package. New versions are available under the @ckeditor4 name."
    },
    "node_modules/eonasdan-bootstrap-datetimepicker": {
      "version": "4.17.49",
      "resolved": "https://registry.npmjs.org/eonasdan-bootstrap-datetimepicker/-/eonasdan-bootstrap-datetimepicker-4.17.49.tgz",
      "integrity": "sha512-7KZeDpkj+A6AtPR3XjX8gAnRPUkPSfW0OmMANG1dkUOPMtLSzbyoCjDIdEcfRtQPU5X0D9Gob7wWKn0h4QWy7A==",
      "dependencies": {
        "bootstrap": "^3.3",
        "jquery": "^3.5.1",
        "moment": "^2.10",
        "moment-timezone": "^0.4.0"
      },
      "peerDependencies": {
        "bootstrap": "^3.3",
        "jquery": "^1.8.3 || ^2.0 || ^3.0",
        "moment": "^2.10",
        "moment-timezone": "^0.4.0 || ^0.5.0"
      }
    },
    "node_modules/jquery": {
      "version": "3.6.0",
      "resolved": "https://registry.npmjs.org/jquery/-/jquery-3.6.0.tgz",
      "integrity": "sha512-JVzAR/AjBvVt2BmYhxRCSYysDsPcssdmTFnzyLEts9qNwmjmu4JTAMYubEfwVOSwpQ1I1sKKFcxhZCI2buerfw=="
    },
    "node_modules/moment": {
      "version": "2.29.4",
      "resolved": "https://registry.npmjs.org/moment/-/moment-2.29.4.tgz",
      "integrity": "sha512-5LC9SOxjSc2HF6vO2CyuTDNivEdoz2IvyJJGj6X8DJ0eFyfszE0QiEd+iXmBvUP3WHxSjFH/vIsA0EN00cgr8w==",
      "engines": {
        "node": "*"
      }
    },
    "node_modules/moment-timezone": {
      "version": "0.4.1",
      "resolved": "https://registry.npmjs.org/moment-timezone/-/moment-timezone-0.4.1.tgz",
      "integrity": "sha512-5cNPVUwaVJDCe9JM8m/qz17f9SkaI8rpnRUyDJi2K5HAd6EwhuQ3n5nLclZkNC/qJnomKgQH2TIu70Gy2dxFKA==",
      "dependencies": {
        "moment": ">= 2.6.0"
      },
      "engines": {
        "node": "*"
      }
    },
    "node_modules/select2": {
      "version": "3.5.1",
      "resolved": "https://registry.npmjs.org/select2/-/select2-3.5.1.tgz",
      "integrity": "sha512-IFX3UFPpPyK1I1Kuw1R1x+upMyNAZbMlkFhiTnRCRR7ii0KU1brmJMLa3GZcrMWCHiQlm0eKqb6i4XO4pqOrGQ=="
    },
    "node_modules/select2-bootstrap-css": {
      "version": "1.4.6",
      "resolved": "https://registry.npmjs.org/select2-bootstrap-css/-/select2-bootstrap-css-1.4.6.tgz",
      "integrity": "sha512-BBsisfivUYjwhj3QdWNS15sBqC/DHoszRC4B3GIzJwMNO1pT1uVvwDm5u2TLXi7oj/3S4vIeQ6yAuMa86d7c9A=="
    }
  },
  "dependencies": {
    "bootstrap": {
      "version": "3.4.1",
      "resolved": "https://registry.npmjs.org/bootstrap/-/bootstrap-3.4.1.tgz",
      "integrity": "sha512-yN5oZVmRCwe5aKwzRj6736nSmKDX7pLYwsXiCj/EYmo16hODaBiT4En5btW/jhBF/seV+XMx3aYwukYC3A49DA=="
    },
    "bootstrap-ui": {
      "version": "3.1.1",
      "resolved": "https://registry.npmjs.org/bootstrap-ui/-/bootstrap-ui-3.1.1.tgz",
      "integrity": "sha512-ihn3TLZ74XVqYFQfRtCp5qDwwB0vUazgpDKmiwv7REX5GL3bXhFUOr3VRTxBZe1SxaWvwE+EGkN3M5Hyu33/Lw==",
      "requires": {
        "bootstrap": "^3.4.1",
        "ckeditor": "^4.12.1",
        "eonasdan-bootstrap-datetimepicker": "^4.17.49",
        "jquery": "^3.6.0",
        "moment": "^2.29.1",
        "select2": "^3.5.1",
        "select2-bootstrap-css": "^1.4.6"
      }
    },
    "ckeditor": {
      "version": "4.12.1",
      "resolved": "https://registry.npmjs.org/ckeditor/-/ckeditor-4.12.1.tgz",
      "integrity": "sha512-pH2Su4oi0D4iN/3U8nUcwI7/lXHoOJi0aiN8e2zxnm4Ow5kq8eZP2ZGmpYyuqRyKZ2tHaU8+OyYi7laXcjiq9Q=="
    },
    "eonasdan-bootstrap-datetimepicker": {
      "version": "4.17.49",
      "resolved": "https://registry.npmjs.org/eonasdan-bootstrap-datetimepicker/-/eonasdan-bootstrap-datetimepicker-4.17.49.tgz",
      "integrity": "sha512-7KZeDpkj+A6AtPR3XjX8gAnRPUkPSfW0OmMANG1dkUOPMtLSzbyoCjDIdEcfRtQPU5X0D9Gob7wWKn0h4QWy7A==",
      "requires": {
        "bootstrap": "^3.3",
        "jquery": "^3.5.1",
        "moment": "^2.10",
        "moment-timezone": "^0.4.0"
      }
    },
    "jquery": {
      "version": "3.6.0",
      "resolved": "https://registry.npmjs.org/jquery/-/jquery-3.6.0.tgz",
      "integrity": "sha512-JVzAR/AjBvVt2BmYhxRCSYysDsPcssdmTFnzyLEts9qNwmjmu4JTAMYubEfwVOSwpQ1I1sKKFcxhZCI2buerfw=="
    },
    "moment": {
      "version": "2.29.4",
      "resolved": "https://registry.npmjs.org/moment/-/moment-2.29.4.tgz",
      "integrity": "sha512-5LC9SOxjSc2HF6vO2CyuTDNivEdoz2IvyJJGj6X8DJ0eFyfszE0QiEd+iXmBvUP3WHxSjFH/vIsA0EN00cgr8w=="
    },
    "moment-timezone": {
      "version": "0.4.1",
      "resolved": "https://registry.npmjs.org/moment-timezone/-/moment-timezone-0.4.1.tgz",
      "integrity": "sha512-5cNPVUwaVJDCe9JM8m/qz17f9SkaI8rpnRUyDJi2K5HAd6EwhuQ3n5nLclZkNC/qJnomKgQH2TIu70Gy2dxFKA==",
      "requires": {
        "moment": ">= 2.6.0"
      }
    },
    "select2": {
      "version": "3.5.1",
      "resolved": "https://registry.npmjs.org/select2/-/select2-3.5.1.tgz",
      "integrity": "sha512-IFX3UFPpPyK1I1Kuw1R1x+upMyNAZbMlkFhiTnRCRR7ii0KU1brmJMLa3GZcrMWCHiQlm0eKqb6i4XO4pqOrGQ=="
    },
    "select2-bootstrap-css": {
      "version": "1.4.6",
      "resolved": "https://registry.npmjs.org/select2-bootstrap-css/-/select2-bootstrap-css-1.4.6.tgz",
      "integrity": "sha512-BBsisfivUYjwhj3QdWNS15sBqC/DHoszRC4B3GIzJwMNO1pT1uVvwDm5u2TLXi7oj/3S4vIeQ6yAuMa86d7c9A=="
    }
  }
}
